
Microsoft Visual Studio Solution File, Format Version 12.00
# Visual Studio Version 16
VisualStudioVersion = 16.0.30717.126
MinimumVisualStudioVersion = 10.0.40219.1
Project("{9A19103F-16F7-4668-BE54-9A1E7A4F7556}") = "PruebaIdentity", "PruebaIdentity.csproj", "{4F881307-C066-4BFE-A035-4ED2B71DEDCB}"
EndProject
Global
	GlobalSection(SolutionConfigurationPlatforms) = preSolution
		Debug|Any CPU = Debug|Any CPU
		Release|Any CPU = Release|Any CPU
	EndGlobalSection
	GlobalSection(ProjectConfigurationPlatforms) = postSolution
		{4F881307-C066-4BFE-A035-4ED2B71DEDCB}.Debug|Any CPU.ActiveCfg = Debug|Any CPU
		{4F881307-C066-4BFE-A035-4ED2B71DEDCB}.Debug|Any CPU.Build.0 = Debug|Any CPU
		{4F881307-C066-4BFE-A035-4ED2B71DEDCB}.Release|Any CPU.ActiveCfg = Release|Any CPU
		{4F881307-C066-4BFE-A035-4ED2B71DEDCB}.Release|Any CPU.Build.0 = Release|Any CPU
	EndGlobalSection
	GlobalSection(SolutionProperties) = preSolution
		HideSolutionNode = FALSE
	EndGlobalSection
	GlobalSection(ExtensibilityGlobals) = postSolution
		SolutionGuid = {472BABDA-42A5-4DFF-9A22-2878A6DA1923}
	EndGlobalSection
EndGlobal
